
Microsoft Visual Studio Solution File, Format Version 12.00
# Visual Studio Version 17
VisualStudioVersion = 17.9.34616.47
MinimumVisualStudioVersion = 10.0.40219.1
Project("{9A19103F-16F7-4668-BE54-9A1E7A4F7556}") = "noise-generator", "noise-generator.csproj", "{5C449D8B-D825-449B-A9A6-85F48946F844}"
EndProject
Project("{D954291E-2A0B-460D-934E-DC6B0785DB48}") = "core", "..\core\core.shproj", "{A0CDBD0E-3A41-42B7-9425-A838BC2C7383}"
EndProject
Global
	GlobalSection(SolutionConfigurationPlatforms) = preSolution
		Debug|Any CPU = Debug|Any CPU
		Release|Any CPU = Release|Any CPU
	EndGlobalSection
	GlobalSection(ProjectConfigurationPlatforms) = postSolution
		{5C449D8B-D825-449B-A9A6-85F48946F844}.Debug|Any CPU.ActiveCfg = Debug|Any CPU
		{5C449D8B-D825-449B-A9A6-85F48946F844}.Debug|Any CPU.Build.0 = Debug|Any CPU
		{5C449D8B-D825-449B-A9A6-85F48946F844}.Release|Any CPU.ActiveCfg = Release|Any CPU
		{5C449D8B-D825-449B-A9A6-85F48946F844}.Release|Any CPU.Build.0 = Release|Any CPU
	EndGlobalSection
	GlobalSection(SolutionProperties) = preSolution
		HideSolutionNode = FALSE
	EndGlobalSection
	GlobalSection(ExtensibilityGlobals) = postSolution
		SolutionGuid = {4DCBD9C0-E932-4ED4-BD81-F71B742C3444}
	EndGlobalSection
	GlobalSection(SharedMSBuildProjectFiles) = preSolution
		..\core\core.projitems*{5c449d8b-d825-449b-a9a6-85f48946f844}*SharedItemsImports = 5
		..\core\core.projitems*{a0cdbd0e-3a41-42b7-9425-a838bc2c7383}*SharedItemsImports = 13
	EndGlobalSection
EndGlobal
